
Microsoft Visual Studio Solution File, Format Version 12.00
# Visual Studio Version 16
VisualStudioVersion = 16.0.29806.167
MinimumVisualStudioVersion = 10.0.40219.1
Project("{FAE04EC0-301F-11D3-BF4B-00C04F79EFBC}") = "CCATPAY_NET", "CCATPAY_NET\CCATPAY_NET.csproj", "{5B494A6F-594D-484C-842E-F51E056A2831}"
EndProject
Global
	GlobalSection(SolutionConfigurationPlatforms) = preSolution
		Debug|Any CPU = Debug|Any CPU
		Release|Any CPU = Release|Any CPU
	EndGlobalSection
	GlobalSection(ProjectConfigurationPlatforms) = postSolution
		{5B494A6F-594D-484C-842E-F51E056A2831}.Debug|Any CPU.ActiveCfg = Debug|Any CPU
		{5B494A6F-594D-484C-842E-F51E056A2831}.Debug|Any CPU.Build.0 = Debug|Any CPU
		{5B494A6F-594D-484C-842E-F51E056A2831}.Release|Any CPU.ActiveCfg = Release|Any CPU
		{5B494A6F-594D-484C-842E-F51E056A2831}.Release|Any CPU.Build.0 = Release|Any CPU
	EndGlobalSection
	GlobalSection(SolutionProperties) = preSolution
		HideSolutionNode = FALSE
	EndGlobalSection
	GlobalSection(ExtensibilityGlobals) = postSolution
		SolutionGuid = {FF46CA3A-C8F3-476F-807C-97806155D1E3}
	EndGlobalSection
EndGlobal
