
Microsoft Visual Studio Solution File, Format Version 12.00
# Visual Studio Version 16
VisualStudioVersion = 16.0.29806.167
MinimumVisualStudioVersion = 10.0.40219.1
Project("{FAE04EC0-301F-11D3-BF4B-00C04F79EFBC}") = "UpdateSmsShortName", "UpdateSmsName\UpdateSmsShortName.csproj", "{916E7346-A5ED-4FCC-8206-681553508E83}"
EndProject
Global
	GlobalSection(SolutionConfigurationPlatforms) = preSolution
		Debug|Any CPU = Debug|Any CPU
		Release|Any CPU = Release|Any CPU
	EndGlobalSection
	GlobalSection(ProjectConfigurationPlatforms) = postSolution
		{916E7346-A5ED-4FCC-8206-681553508E83}.Debug|Any CPU.ActiveCfg = Debug|Any CPU
		{916E7346-A5ED-4FCC-8206-681553508E83}.Debug|Any CPU.Build.0 = Debug|Any CPU
		{916E7346-A5ED-4FCC-8206-681553508E83}.Release|Any CPU.ActiveCfg = Release|Any CPU
		{916E7346-A5ED-4FCC-8206-681553508E83}.Release|Any CPU.Build.0 = Release|Any CPU
	EndGlobalSection
	GlobalSection(SolutionProperties) = preSolution
		HideSolutionNode = FALSE
	EndGlobalSection
	GlobalSection(ExtensibilityGlobals) = postSolution
		SolutionGuid = {558111EA-ACB7-4039-A5B0-E56759B94A4E}
	EndGlobalSection
EndGlobal
